
Microsoft Visual Studio Solution File, Format Version 11.00
# Visual Studio 2010
Project("{FAE04EC0-301F-11D3-BF4B-00C04F79EFBC}") = "SimpleSocialAuth.MVC", "SimpleSocialAuth.MVC\SimpleSocialAuth.MVC.csproj", "{167C820C-D944-497A-9F98-FEBED53B360F}"
EndProject
Global
	GlobalSection(SolutionConfigurationPlatforms) = preSolution
		Debug|Any CPU = Debug|Any CPU
		Release|Any CPU = Release|Any CPU
	EndGlobalSection
	GlobalSection(ProjectConfigurationPlatforms) = postSolution
		{167C820C-D944-497A-9F98-FEBED53B360F}.Debug|Any CPU.ActiveCfg = Debug|Any CPU
		{167C820C-D944-497A-9F98-FEBED53B360F}.Debug|Any CPU.Build.0 = Debug|Any CPU
		{167C820C-D944-497A-9F98-FEBED53B360F}.Release|Any CPU.ActiveCfg = Release|Any CPU
		{167C820C-D944-497A-9F98-FEBED53B360F}.Release|Any CPU.Build.0 = Release|Any CPU
	EndGlobalSection
	GlobalSection(SolutionProperties) = preSolution
		HideSolutionNode = FALSE
	EndGlobalSection
EndGlobal
