
Microsoft Visual Studio Solution File, Format Version 11.00
# Visual Studio 2010
Project("{FAE04EC0-301F-11D3-BF4B-00C04F79EFBC}") = "SimpleSocialAuth.MVC3", "SimpleSocialAuth.MVC3\SimpleSocialAuth.MVC3.csproj", "{167C820C-D944-497A-9F98-FEBED53B360F}"
EndProject
Project("{FAE04EC0-301F-11D3-BF4B-00C04F79EFBC}") = "SimpleSocialAuth.Core", "SimpleSocialAuth.Core\SimpleSocialAuth.Core.csproj", "{AF30D585-9D13-4FCD-88A4-C5E6F6F31F80}"
EndProject
Project("{FAE04EC0-301F-11D3-BF4B-00C04F79EFBC}") = "SimpleSocialAuth.Mvc4", "SimpleSocialAuth.Mvc4\SimpleSocialAuth.Mvc4.csproj", "{84AD9A6B-769E-4849-BC67-9E043A938469}"
EndProject
Project("{2150E333-8FDC-42A3-9474-1A3956D46DE8}") = ".nuget", ".nuget", "{2F355BD0-7984-427B-9D62-3D515B9AE0D0}"
	ProjectSection(SolutionItems) = preProject
		.nuget\NuGet.Config = .nuget\NuGet.Config
		.nuget\NuGet.exe = .nuget\NuGet.exe
		.nuget\NuGet.targets = .nuget\NuGet.targets
	EndProjectSection
EndProject
Project("{2150E333-8FDC-42A3-9474-1A3956D46DE8}") = "nuget", "nuget", "{415946F4-2526-4B13-8F67-CB42C5F72739}"
	ProjectSection(SolutionItems) = preProject
		..\nuget\SimpleSocialAuth.MVC3.1.0.1.nuspec = ..\nuget\SimpleSocialAuth.MVC3.1.0.1.nuspec
		..\nuget\SimpleSocialAuth.MVC4.1.0.1.nuspec = ..\nuget\SimpleSocialAuth.MVC4.1.0.1.nuspec
	EndProjectSection
EndProject
Project("{2150E333-8FDC-42A3-9474-1A3956D46DE8}") = "content.mvc3", "content.mvc3", "{B153952A-5808-46B4-A2C0-2FA1A7C7A49E}"
	ProjectSection(SolutionItems) = preProject
		..\nuget\content.mvc3\LogIn.cshtml = ..\nuget\content.mvc3\LogIn.cshtml
		..\nuget\content.mvc3\SimpleAuthController.cs.pp = ..\nuget\content.mvc3\SimpleAuthController.cs.pp
	EndProjectSection
EndProject
Project("{2150E333-8FDC-42A3-9474-1A3956D46DE8}") = "content.mvc4", "content.mvc4", "{2E0EFE72-D86E-48A7-814D-A44F1100A2BF}"
	ProjectSection(SolutionItems) = preProject
		..\nuget\content.mvc4\LogIn.cshtml = ..\nuget\content.mvc4\LogIn.cshtml
		..\nuget\content.mvc4\SimpleAuthController.cs.pp = ..\nuget\content.mvc4\SimpleAuthController.cs.pp
		..\nuget\content.mvc4\SimpleSocialAuthBundleConfig.cs.pp = ..\nuget\content.mvc4\SimpleSocialAuthBundleConfig.cs.pp
	EndProjectSection
EndProject
Project("{2150E333-8FDC-42A3-9474-1A3956D46DE8}") = "tools", "tools", "{546A9A81-1097-4571-A525-57E2125F294E}"
	ProjectSection(SolutionItems) = preProject
		..\nuget\tools\install.ps1 = ..\nuget\tools\install.ps1
	EndProjectSection
EndProject
Global
	GlobalSection(SolutionConfigurationPlatforms) = preSolution
		Debug|Any CPU = Debug|Any CPU
		Release|Any CPU = Release|Any CPU
	EndGlobalSection
	GlobalSection(ProjectConfigurationPlatforms) = postSolution
		{167C820C-D944-497A-9F98-FEBED53B360F}.Debug|Any CPU.ActiveCfg = Debug|Any CPU
		{167C820C-D944-497A-9F98-FEBED53B360F}.Debug|Any CPU.Build.0 = Debug|Any CPU
		{167C820C-D944-497A-9F98-FEBED53B360F}.Release|Any CPU.ActiveCfg = Release|Any CPU
		{167C820C-D944-497A-9F98-FEBED53B360F}.Release|Any CPU.Build.0 = Release|Any CPU
		{AF30D585-9D13-4FCD-88A4-C5E6F6F31F80}.Debug|Any CPU.ActiveCfg = Debug|Any CPU
		{AF30D585-9D13-4FCD-88A4-C5E6F6F31F80}.Debug|Any CPU.Build.0 = Debug|Any CPU
		{AF30D585-9D13-4FCD-88A4-C5E6F6F31F80}.Release|Any CPU.ActiveCfg = Release|Any CPU
		{AF30D585-9D13-4FCD-88A4-C5E6F6F31F80}.Release|Any CPU.Build.0 = Release|Any CPU
		{84AD9A6B-769E-4849-BC67-9E043A938469}.Debug|Any CPU.ActiveCfg = Debug|Any CPU
		{84AD9A6B-769E-4849-BC67-9E043A938469}.Debug|Any CPU.Build.0 = Debug|Any CPU
		{84AD9A6B-769E-4849-BC67-9E043A938469}.Release|Any CPU.ActiveCfg = Release|Any CPU
		{84AD9A6B-769E-4849-BC67-9E043A938469}.Release|Any CPU.Build.0 = Release|Any CPU
	EndGlobalSection
	GlobalSection(SolutionProperties) = preSolution
		HideSolutionNode = FALSE
	EndGlobalSection
	GlobalSection(NestedProjects) = preSolution
		{B153952A-5808-46B4-A2C0-2FA1A7C7A49E} = {415946F4-2526-4B13-8F67-CB42C5F72739}
		{2E0EFE72-D86E-48A7-814D-A44F1100A2BF} = {415946F4-2526-4B13-8F67-CB42C5F72739}
		{546A9A81-1097-4571-A525-57E2125F294E} = {415946F4-2526-4B13-8F67-CB42C5F72739}
	EndGlobalSection
EndGlobal
